
Microsoft Visual Studio Solution File, Format Version 12.00
# Visual Studio Version 17
VisualStudioVersion = 17.4.33110.190
MinimumVisualStudioVersion = 10.0.40219.1
Project("{FAE04EC0-301F-11D3-BF4B-00C04F79EFBC}") = "FrmClubRegistration", "FrmClubRegistration\FrmClubRegistration.csproj", "{C86FA586-E78C-41DE-B6A1-5FD69C4575D9}"
EndProject
Global
	GlobalSection(SolutionConfigurationPlatforms) = preSolution
		Debug|Any CPU = Debug|Any CPU
		Release|Any CPU = Release|Any CPU
	EndGlobalSection
	GlobalSection(ProjectConfigurationPlatforms) = postSolution
		{C86FA586-E78C-41DE-B6A1-5FD69C4575D9}.Debug|Any CPU.ActiveCfg = Debug|Any CPU
		{C86FA586-E78C-41DE-B6A1-5FD69C4575D9}.Debug|Any CPU.Build.0 = Debug|Any CPU
		{C86FA586-E78C-41DE-B6A1-5FD69C4575D9}.Release|Any CPU.ActiveCfg = Release|Any CPU
		{C86FA586-E78C-41DE-B6A1-5FD69C4575D9}.Release|Any CPU.Build.0 = Release|Any CPU
	EndGlobalSection
	GlobalSection(SolutionProperties) = preSolution
		HideSolutionNode = FALSE
	EndGlobalSection
	GlobalSection(ExtensibilityGlobals) = postSolution
		SolutionGuid = {35509A1B-CC46-4564-850E-993DDCBA0A67}
	EndGlobalSection
EndGlobal
